
Microsoft Visual Studio Solution File, Format Version 12.00
# Visual Studio Version 17
VisualStudioVersion = 17.5.33530.505
MinimumVisualStudioVersion = 10.0.40219.1
Project("{FAE04EC0-301F-11D3-BF4B-00C04F79EFBC}") = "BulkyStore_UI", "BulkyStore_UI\BulkyStore_UI.csproj", "{A9ADAE67-4F4F-4986-B902-79C8B78B9574}"
EndProject
Global
	GlobalSection(SolutionConfigurationPlatforms) = preSolution
		Debug|Any CPU = Debug|Any CPU
		Release|Any CPU = Release|Any CPU
	EndGlobalSection
	GlobalSection(ProjectConfigurationPlatforms) = postSolution
		{A9ADAE67-4F4F-4986-B902-79C8B78B9574}.Debug|Any CPU.ActiveCfg = Debug|Any CPU
		{A9ADAE67-4F4F-4986-B902-79C8B78B9574}.Debug|Any CPU.Build.0 = Debug|Any CPU
		{A9ADAE67-4F4F-4986-B902-79C8B78B9574}.Release|Any CPU.ActiveCfg = Release|Any CPU
		{A9ADAE67-4F4F-4986-B902-79C8B78B9574}.Release|Any CPU.Build.0 = Release|Any CPU
	EndGlobalSection
	GlobalSection(SolutionProperties) = preSolution
		HideSolutionNode = FALSE
	EndGlobalSection
	GlobalSection(ExtensibilityGlobals) = postSolution
		SolutionGuid = {0A599ECF-8335-4CB7-AC23-B25A22D93603}
	EndGlobalSection
EndGlobal
